
Microsoft Visual Studio Solution File, Format Version 12.00
# Visual Studio Version 17
VisualStudioVersion = 17.1.32210.238
MinimumVisualStudioVersion = 10.0.40219.1
Project("{FAE04EC0-301F-11D3-BF4B-00C04F79EFBC}") = "TextAnimationHockey", "TextAnimationHockey\TextAnimationHockey.csproj", "{B792A1A3-3353-4F08-A0B1-93981D1A9665}"
EndProject
Global
	GlobalSection(SolutionConfigurationPlatforms) = preSolution
		Debug|Any CPU = Debug|Any CPU
		Release|Any CPU = Release|Any CPU
	EndGlobalSection
	GlobalSection(ProjectConfigurationPlatforms) = postSolution
		{B792A1A3-3353-4F08-A0B1-93981D1A9665}.Debug|Any CPU.ActiveCfg = Debug|Any CPU
		{B792A1A3-3353-4F08-A0B1-93981D1A9665}.Debug|Any CPU.Build.0 = Debug|Any CPU
		{B792A1A3-3353-4F08-A0B1-93981D1A9665}.Release|Any CPU.ActiveCfg = Release|Any CPU
		{B792A1A3-3353-4F08-A0B1-93981D1A9665}.Release|Any CPU.Build.0 = Release|Any CPU
	EndGlobalSection
	GlobalSection(SolutionProperties) = preSolution
		HideSolutionNode = FALSE
	EndGlobalSection
	GlobalSection(ExtensibilityGlobals) = postSolution
		SolutionGuid = {8E6B219D-1540-48CB-99BE-F666ACA2D169}
	EndGlobalSection
EndGlobal
